
Microsoft Visual Studio Solution File, Format Version 12.00
# Visual Studio Version 16
VisualStudioVersion = 16.0.29806.167
MinimumVisualStudioVersion = 10.0.40219.1
Project("{9A19103F-16F7-4668-BE54-9A1E7A4F7556}") = "IdentityServer", "IdentityServer\IdentityServer.csproj", "{312499E3-3023-46D8-9BCD-8A3E78711169}"
EndProject
Project("{9A19103F-16F7-4668-BE54-9A1E7A4F7556}") = "WebApi", "WebApi\WebApi.csproj", "{CDF3D23E-AC33-4F36-86F3-475FD6BE36D9}"
EndProject
Project("{9A19103F-16F7-4668-BE54-9A1E7A4F7556}") = "ContainerApp", "ContainerApp\ContainerApp.csproj", "{E28265F3-1478-41C2-8A4C-AC321F37103F}"
EndProject
Project("{9A19103F-16F7-4668-BE54-9A1E7A4F7556}") = "ContainerApp.Interface", "ContainerApp.Interface\ContainerApp.Interface.csproj", "{5E93D348-D6B2-4000-B8FB-ED2D0376765A}"
EndProject
Project("{9A19103F-16F7-4668-BE54-9A1E7A4F7556}") = "DemoAApi", "DemoAApi\DemoAApi.csproj", "{ABEC910A-9D59-4A07-B532-4A5D579DCA14}"
EndProject
Project("{9A19103F-16F7-4668-BE54-9A1E7A4F7556}") = "DemoBApi", "DemoBApi\DemoBApi.csproj", "{3B18FE33-586D-4587-A937-FF478DD32BC2}"
EndProject
Project("{FAE04EC0-301F-11D3-BF4B-00C04F79EFBC}") = "ContainerApp.Event", "ContainerApp.Event\ContainerApp.Event.csproj", "{A7819D92-33D0-4751-8DE5-10E6592DE2AD}"
EndProject
Project("{FAE04EC0-301F-11D3-BF4B-00C04F79EFBC}") = "ContainerApp.Handler", "ContainerApp.Handler\ContainerApp.Handler.csproj", "{04366A8B-38C0-4D24-88B2-5C8F100CFEEC}"
EndProject
Project("{FAE04EC0-301F-11D3-BF4B-00C04F79EFBC}") = "EventBus", "EventBus\EventBus.csproj", "{72B8B523-7B35-489C-AC92-C177D6B27B73}"
EndProject
Project("{FAE04EC0-301F-11D3-BF4B-00C04F79EFBC}") = "EventBusRabbitMQ", "EventBusRabbitMQ\EventBusRabbitMQ.csproj", "{9D198AA1-8A1E-4AE6-AD9E-5981154F6979}"
EndProject
Global
	GlobalSection(SolutionConfigurationPlatforms) = preSolution
		Debug|Any CPU = Debug|Any CPU
		Release|Any CPU = Release|Any CPU
	EndGlobalSection
	GlobalSection(ProjectConfigurationPlatforms) = postSolution
		{312499E3-3023-46D8-9BCD-8A3E78711169}.Debug|Any CPU.ActiveCfg = Debug|Any CPU
		{312499E3-3023-46D8-9BCD-8A3E78711169}.Debug|Any CPU.Build.0 = Debug|Any CPU
		{312499E3-3023-46D8-9BCD-8A3E78711169}.Release|Any CPU.ActiveCfg = Release|Any CPU
		{312499E3-3023-46D8-9BCD-8A3E78711169}.Release|Any CPU.Build.0 = Release|Any CPU
		{CDF3D23E-AC33-4F36-86F3-475FD6BE36D9}.Debug|Any CPU.ActiveCfg = Debug|Any CPU
		{CDF3D23E-AC33-4F36-86F3-475FD6BE36D9}.Debug|Any CPU.Build.0 = Debug|Any CPU
		{CDF3D23E-AC33-4F36-86F3-475FD6BE36D9}.Release|Any CPU.ActiveCfg = Release|Any CPU
		{CDF3D23E-AC33-4F36-86F3-475FD6BE36D9}.Release|Any CPU.Build.0 = Release|Any CPU
		{E28265F3-1478-41C2-8A4C-AC321F37103F}.Debug|Any CPU.ActiveCfg = Debug|Any CPU
		{E28265F3-1478-41C2-8A4C-AC321F37103F}.Debug|Any CPU.Build.0 = Debug|Any CPU
		{E28265F3-1478-41C2-8A4C-AC321F37103F}.Release|Any CPU.ActiveCfg = Release|Any CPU
		{E28265F3-1478-41C2-8A4C-AC321F37103F}.Release|Any CPU.Build.0 = Release|Any CPU
		{5E93D348-D6B2-4000-B8FB-ED2D0376765A}.Debug|Any CPU.ActiveCfg = Debug|Any CPU
		{5E93D348-D6B2-4000-B8FB-ED2D0376765A}.Debug|Any CPU.Build.0 = Debug|Any CPU
		{5E93D348-D6B2-4000-B8FB-ED2D0376765A}.Release|Any CPU.ActiveCfg = Release|Any CPU
		{5E93D348-D6B2-4000-B8FB-ED2D0376765A}.Release|Any CPU.Build.0 = Release|Any CPU
		{ABEC910A-9D59-4A07-B532-4A5D579DCA14}.Debug|Any CPU.ActiveCfg = Debug|Any CPU
		{ABEC910A-9D59-4A07-B532-4A5D579DCA14}.Debug|Any CPU.Build.0 = Debug|Any CPU
		{ABEC910A-9D59-4A07-B532-4A5D579DCA14}.Release|Any CPU.ActiveCfg = Release|Any CPU
		{ABEC910A-9D59-4A07-B532-4A5D579DCA14}.Release|Any CPU.Build.0 = Release|Any CPU
		{3B18FE33-586D-4587-A937-FF478DD32BC2}.Debug|Any CPU.ActiveCfg = Debug|Any CPU
		{3B18FE33-586D-4587-A937-FF478DD32BC2}.Debug|Any CPU.Build.0 = Debug|Any CPU
		{3B18FE33-586D-4587-A937-FF478DD32BC2}.Release|Any CPU.ActiveCfg = Release|Any CPU
		{3B18FE33-586D-4587-A937-FF478DD32BC2}.Release|Any CPU.Build.0 = Release|Any CPU
		{A7819D92-33D0-4751-8DE5-10E6592DE2AD}.Debug|Any CPU.ActiveCfg = Debug|Any CPU
		{A7819D92-33D0-4751-8DE5-10E6592DE2AD}.Debug|Any CPU.Build.0 = Debug|Any CPU
		{A7819D92-33D0-4751-8DE5-10E6592DE2AD}.Release|Any CPU.ActiveCfg = Release|Any CPU
		{A7819D92-33D0-4751-8DE5-10E6592DE2AD}.Release|Any CPU.Build.0 = Release|Any CPU
		{04366A8B-38C0-4D24-88B2-5C8F100CFEEC}.Debug|Any CPU.ActiveCfg = Debug|Any CPU
		{04366A8B-38C0-4D24-88B2-5C8F100CFEEC}.Debug|Any CPU.Build.0 = Debug|Any CPU
		{04366A8B-38C0-4D24-88B2-5C8F100CFEEC}.Release|Any CPU.ActiveCfg = Release|Any CPU
		{04366A8B-38C0-4D24-88B2-5C8F100CFEEC}.Release|Any CPU.Build.0 = Release|Any CPU
		{72B8B523-7B35-489C-AC92-C177D6B27B73}.Debug|Any CPU.ActiveCfg = Debug|Any CPU
		{72B8B523-7B35-489C-AC92-C177D6B27B73}.Debug|Any CPU.Build.0 = Debug|Any CPU
		{72B8B523-7B35-489C-AC92-C177D6B27B73}.Release|Any CPU.ActiveCfg = Release|Any CPU
		{72B8B523-7B35-489C-AC92-C177D6B27B73}.Release|Any CPU.Build.0 = Release|Any CPU
		{9D198AA1-8A1E-4AE6-AD9E-5981154F6979}.Debug|Any CPU.ActiveCfg = Debug|Any CPU
		{9D198AA1-8A1E-4AE6-AD9E-5981154F6979}.Debug|Any CPU.Build.0 = Debug|Any CPU
		{9D198AA1-8A1E-4AE6-AD9E-5981154F6979}.Release|Any CPU.ActiveCfg = Release|Any CPU
		{9D198AA1-8A1E-4AE6-AD9E-5981154F6979}.Release|Any CPU.Build.0 = Release|Any CPU
	EndGlobalSection
	GlobalSection(SolutionProperties) = preSolution
		HideSolutionNode = FALSE
	EndGlobalSection
	GlobalSection(ExtensibilityGlobals) = postSolution
		SolutionGuid = {AA37E53A-0389-4281-9455-FECF42402E0E}
	EndGlobalSection
EndGlobal
