
Microsoft Visual Studio Solution File, Format Version 12.00
# Visual Studio Version 16
VisualStudioVersion = 16.0.29806.167
MinimumVisualStudioVersion = 10.0.40219.1
Project("{9A19103F-16F7-4668-BE54-9A1E7A4F7556}") = "TestId4", "TestId4\TestId4.csproj", "{312499E3-3023-46D8-9BCD-8A3E78711169}"
EndProject
Project("{FAE04EC0-301F-11D3-BF4B-00C04F79EFBC}") = "Id4WebApi", "Id4WebApi\Id4WebApi.csproj", "{CDF3D23E-AC33-4F36-86F3-475FD6BE36D9}"
EndProject
Global
	GlobalSection(SolutionConfigurationPlatforms) = preSolution
		Debug|Any CPU = Debug|Any CPU
		Release|Any CPU = Release|Any CPU
	EndGlobalSection
	GlobalSection(ProjectConfigurationPlatforms) = postSolution
		{312499E3-3023-46D8-9BCD-8A3E78711169}.Debug|Any CPU.ActiveCfg = Debug|Any CPU
		{312499E3-3023-46D8-9BCD-8A3E78711169}.Debug|Any CPU.Build.0 = Debug|Any CPU
		{312499E3-3023-46D8-9BCD-8A3E78711169}.Release|Any CPU.ActiveCfg = Release|Any CPU
		{312499E3-3023-46D8-9BCD-8A3E78711169}.Release|Any CPU.Build.0 = Release|Any CPU
		{CDF3D23E-AC33-4F36-86F3-475FD6BE36D9}.Debug|Any CPU.ActiveCfg = Debug|Any CPU
		{CDF3D23E-AC33-4F36-86F3-475FD6BE36D9}.Debug|Any CPU.Build.0 = Debug|Any CPU
		{CDF3D23E-AC33-4F36-86F3-475FD6BE36D9}.Release|Any CPU.ActiveCfg = Release|Any CPU
		{CDF3D23E-AC33-4F36-86F3-475FD6BE36D9}.Release|Any CPU.Build.0 = Release|Any CPU
	EndGlobalSection
	GlobalSection(SolutionProperties) = preSolution
		HideSolutionNode = FALSE
	EndGlobalSection
	GlobalSection(ExtensibilityGlobals) = postSolution
		SolutionGuid = {AA37E53A-0389-4281-9455-FECF42402E0E}
	EndGlobalSection
EndGlobal
